
Microsoft Visual Studio Solution File, Format Version 12.00
# Visual Studio 15
VisualStudioVersion = 15.0.28307.421
MinimumVisualStudioVersion = 10.0.40219.1
Project("{FAE04EC0-301F-11D3-BF4B-00C04F79EFBC}") = "HttpCoreAuthenticationAndAuthorization", "HttpCoreAuthenticationAndAuthorization\HttpCoreAuthenticationAndAuthorization.csproj", "{D0CEA830-68F7-4DE3-AE4C-1C57FC95C799}"
EndProject
Global
	GlobalSection(SolutionConfigurationPlatforms) = preSolution
		Debug|Any CPU = Debug|Any CPU
		Release|Any CPU = Release|Any CPU
	EndGlobalSection
	GlobalSection(ProjectConfigurationPlatforms) = postSolution
		{D0CEA830-68F7-4DE3-AE4C-1C57FC95C799}.Debug|Any CPU.ActiveCfg = Debug|Any CPU
		{D0CEA830-68F7-4DE3-AE4C-1C57FC95C799}.Debug|Any CPU.Build.0 = Debug|Any CPU
		{D0CEA830-68F7-4DE3-AE4C-1C57FC95C799}.Release|Any CPU.ActiveCfg = Release|Any CPU
		{D0CEA830-68F7-4DE3-AE4C-1C57FC95C799}.Release|Any CPU.Build.0 = Release|Any CPU
	EndGlobalSection
	GlobalSection(SolutionProperties) = preSolution
		HideSolutionNode = FALSE
	EndGlobalSection
	GlobalSection(ExtensibilityGlobals) = postSolution
		SolutionGuid = {E6C635CE-BBBB-4B58-92B4-C9CABFBF34B9}
	EndGlobalSection
EndGlobal
